
Microsoft Visual Studio Solution File, Format Version 12.00
# Visual Studio Version 17
VisualStudioVersion = 17.5.002.0
MinimumVisualStudioVersion = 10.0.40219.1
Project("{9A19103F-16F7-4668-BE54-9A1E7A4F7556}") = "AoC2024", "AoC2024.csproj", "{14473FB5-A7F8-493A-8813-4394C2DA225C}"
EndProject
Global
	GlobalSection(SolutionConfigurationPlatforms) = preSolution
		Debug|Any CPU = Debug|Any CPU
		Release|Any CPU = Release|Any CPU
	EndGlobalSection
	GlobalSection(ProjectConfigurationPlatforms) = postSolution
		{14473FB5-A7F8-493A-8813-4394C2DA225C}.Debug|Any CPU.ActiveCfg = Debug|Any CPU
		{14473FB5-A7F8-493A-8813-4394C2DA225C}.Debug|Any CPU.Build.0 = Debug|Any CPU
		{14473FB5-A7F8-493A-8813-4394C2DA225C}.Release|Any CPU.ActiveCfg = Release|Any CPU
		{14473FB5-A7F8-493A-8813-4394C2DA225C}.Release|Any CPU.Build.0 = Release|Any CPU
	EndGlobalSection
	GlobalSection(SolutionProperties) = preSolution
		HideSolutionNode = FALSE
	EndGlobalSection
	GlobalSection(ExtensibilityGlobals) = postSolution
		SolutionGuid = {7F2AEFB1-D898-4E76-BFF8-8EAE3591A6B8}
	EndGlobalSection
EndGlobal
